<?xml version="1.0" encoding="utf-8"?>
<Project ToolsVersion="4.0" xmlns="http://schemas.microsoft.com/developer/msbuild/2003">
  <ItemGroup>
    <Filter Include="Source Files">
      <UniqueIdentifier>{6835e272-3994-4186-84dc-ef3931073045}</UniqueIdentifier>
      <Extensions>cpp;c;cxx;rc;def;r;odl;idl;hpj;bat</Extensions>
    </Filter>
    <Filter Include="Header Files">
      <UniqueIdentifier>{c4ad839f-0fc9-4cfe-a684-b33b0c317d8e}</UniqueIdentifier>
      <Extensions>h;hpp;hxx;hm;inl</Extensions>
    </Filter>
    <Filter Include="Resource Files">
      <UniqueIdentifier>{c303f62e-80d9-4c41-9181-f5eedbbcfd87}</UniqueIdentifier>
      <Extensions>ico;cur;bmp;dlg;rc2;rct;bin;rgs;gif;jpg;jpeg;jpe</Extensions>
    </Filter>
  </ItemGroup>
  <ItemGroup>
    <ClCompile Include="DXKeyboard.cpp">
      <Filter>Source Files</Filter>
    </ClCompile>
    <ClCompile Include="src\mdApp.cpp">
      <Filter>Source Files</Filter>
    </ClCompile>
    <ClCompile Include="src\mdBreakPoint.cpp">
      <Filter>Source Files</Filter>
    </ClCompile>
    <ClCompile Include="src\mdCRAMPanel.cpp">
      <Filter>Source Files</Filter>
    </ClCompile>
    <ClCompile Include="src\mdDefaultPlugin.cpp">
      <Filter>Source Files</Filter>
    </ClCompile>
    <ClCompile Include="src\mdDibBitmap.cpp">
      <Filter>Source Files</Filter>
    </ClCompile>
    <ClCompile Include="src\mdDisAsmPanel.cpp">
      <Filter>Source Files</Filter>
    </ClCompile>
    <ClCompile Include="src\mdEmu.cpp">
      <Filter>Source Files</Filter>
    </ClCompile>
    <ClCompile Include="src\mdFrmDumpBin.cpp">
      <Filter>Source Files</Filter>
    </ClCompile>
    <ClCompile Include="src\mdFrmGoto.cpp">
      <Filter>Source Files</Filter>
    </ClCompile>
    <ClCompile Include="src\mdFrmMain.cpp">
      <Filter>Source Files</Filter>
    </ClCompile>
    <ClCompile Include="src\mdFrmSpyAttr.cpp">
      <Filter>Source Files</Filter>
    </ClCompile>
    <ClCompile Include="src\mdFrmVDPAddrCalc.cpp">
      <Filter>Source Files</Filter>
    </ClCompile>
    <ClCompile Include="src\mdFrmVdpCalc.cpp">
      <Filter>Source Files</Filter>
    </ClCompile>
    <ClCompile Include="src\mdGotoPanel.cpp">
      <Filter>Source Files</Filter>
    </ClCompile>
    <ClCompile Include="src\mdListLine.cpp">
      <Filter>Source Files</Filter>
    </ClCompile>
    <ClCompile Include="src\mdLogPanel.cpp">
      <Filter>Source Files</Filter>
    </ClCompile>
    <ClCompile Include="src\mdOutputDataPlugin.cpp">
      <Filter>Source Files</Filter>
    </ClCompile>
    <ClCompile Include="src\mdPlugin.cpp">
      <Filter>Source Files</Filter>
    </ClCompile>
    <ClCompile Include="src\mdProgressStatusBar.cpp">
      <Filter>Source Files</Filter>
    </ClCompile>
    <ClCompile Include="src\mdProject.cpp">
      <Filter>Source Files</Filter>
    </ClCompile>
    <ClCompile Include="src\mdProxy.cpp">
      <Filter>Source Files</Filter>
    </ClCompile>
    <ClCompile Include="src\mdRegistersDisplay.cpp">
      <Filter>Source Files</Filter>
    </ClCompile>
    <ClCompile Include="src\mdRegPanel.cpp">
      <Filter>Source Files</Filter>
    </ClCompile>
    <ClCompile Include="src\mdScreen.cpp">
      <Filter>Source Files</Filter>
    </ClCompile>
    <ClCompile Include="src\mdSection.cpp">
      <Filter>Source Files</Filter>
    </ClCompile>
    <ClCompile Include="src\mdSpiesPanel.cpp">
      <Filter>Source Files</Filter>
    </ClCompile>
    <ClCompile Include="src\mdSpy.cpp">
      <Filter>Source Files</Filter>
    </ClCompile>
    <ClCompile Include="src\mdSymbol.cpp">
      <Filter>Source Files</Filter>
    </ClCompile>
    <ClCompile Include="src\mdSymbolPair.cpp">
      <Filter>Source Files</Filter>
    </ClCompile>
    <ClCompile Include="src\mdSymbolsPanel.cpp">
      <Filter>Source Files</Filter>
    </ClCompile>
    <ClCompile Include="src\mdTextCtrl.cpp">
      <Filter>Source Files</Filter>
    </ClCompile>
    <ClCompile Include="src\mdTileViewerPanel.cpp">
      <Filter>Source Files</Filter>
    </ClCompile>
    <ClCompile Include="src\mdVdpAddrCalc.cpp">
      <Filter>Source Files</Filter>
    </ClCompile>
    <ClCompile Include="src\mdVDPStatusPanel.cpp">
      <Filter>Source Files</Filter>
    </ClCompile>
    <ClCompile Include="src\mdVdpViewer.cpp">
      <Filter>Source Files</Filter>
    </ClCompile>
    <ClCompile Include="src\mdVideoAdapter.cpp">
      <Filter>Source Files</Filter>
    </ClCompile>
    <ClCompile Include="src\mdVideoPanel.cpp">
      <Filter>Source Files</Filter>
    </ClCompile>
    <ClCompile Include="src\mdVideoSurface.cpp">
      <Filter>Source Files</Filter>
    </ClCompile>
  </ItemGroup>
  <ItemGroup>
    <ClInclude Include="include\DXKeyboard.h">
      <Filter>Header Files</Filter>
    </ClInclude>
    <ClInclude Include="include\mdApp.h">
      <Filter>Header Files</Filter>
    </ClInclude>
    <ClInclude Include="include\mdBreakPoint.h">
      <Filter>Header Files</Filter>
    </ClInclude>
    <ClInclude Include="include\mdCRAMPanel.h">
      <Filter>Header Files</Filter>
    </ClInclude>
    <ClInclude Include="include\mdDefaultPlugin.h">
      <Filter>Header Files</Filter>
    </ClInclude>
    <ClInclude Include="include\mdDibBitmap.h">
      <Filter>Header Files</Filter>
    </ClInclude>
    <ClInclude Include="include\mdDisAsmPanel.h">
      <Filter>Header Files</Filter>
    </ClInclude>
    <ClInclude Include="include\mdEmu.h">
      <Filter>Header Files</Filter>
    </ClInclude>
    <ClInclude Include="include\mdFrmDumpBin.h">
      <Filter>Header Files</Filter>
    </ClInclude>
    <ClInclude Include="include\mdFrmGoto.h">
      <Filter>Header Files</Filter>
    </ClInclude>
    <ClInclude Include="include\mdFrmMain.h">
      <Filter>Header Files</Filter>
    </ClInclude>
    <ClInclude Include="include\mdFrmSpyAttr.h">
      <Filter>Header Files</Filter>
    </ClInclude>
    <ClInclude Include="include\mdFrmVDPAddrCalc.h">
      <Filter>Header Files</Filter>
    </ClInclude>
    <ClInclude Include="include\mdFrmVdpCalc.h">
      <Filter>Header Files</Filter>
    </ClInclude>
    <ClInclude Include="include\mdGotoPanel.h">
      <Filter>Header Files</Filter>
    </ClInclude>
    <ClInclude Include="include\mdList.h">
      <Filter>Header Files</Filter>
    </ClInclude>
    <ClInclude Include="include\mdListLine.h">
      <Filter>Header Files</Filter>
    </ClInclude>
    <ClInclude Include="include\mdLogPanel.h">
      <Filter>Header Files</Filter>
    </ClInclude>
    <ClInclude Include="include\mdOutputDataPlugin.h">
      <Filter>Header Files</Filter>
    </ClInclude>
    <ClInclude Include="include\mdPlugin.h">
      <Filter>Header Files</Filter>
    </ClInclude>
    <ClInclude Include="include\mdPluginList.h">
      <Filter>Header Files</Filter>
    </ClInclude>
    <ClInclude Include="include\mdProgressStatusBar.h">
      <Filter>Header Files</Filter>
    </ClInclude>
    <ClInclude Include="include\mdProject.h">
      <Filter>Header Files</Filter>
    </ClInclude>
    <ClInclude Include="include\mdProxy.h">
      <Filter>Header Files</Filter>
    </ClInclude>
    <ClInclude Include="include\mdRegistersDisplay.h">
      <Filter>Header Files</Filter>
    </ClInclude>
    <ClInclude Include="include\mdRegPanel.h">
      <Filter>Header Files</Filter>
    </ClInclude>
    <ClInclude Include="include\mdScreen.h">
      <Filter>Header Files</Filter>
    </ClInclude>
    <ClInclude Include="include\mdSDK.h">
      <Filter>Header Files</Filter>
    </ClInclude>
    <ClInclude Include="include\mdSection.h">
      <Filter>Header Files</Filter>
    </ClInclude>
    <ClInclude Include="include\mdShared.h">
      <Filter>Header Files</Filter>
    </ClInclude>
    <ClInclude Include="include\mdSpiesPanel.h">
      <Filter>Header Files</Filter>
    </ClInclude>
    <ClInclude Include="include\mdSpy.h">
      <Filter>Header Files</Filter>
    </ClInclude>
    <ClInclude Include="include\mdSymbol.h">
      <Filter>Header Files</Filter>
    </ClInclude>
    <ClInclude Include="include\mdSymbolPair.h">
      <Filter>Header Files</Filter>
    </ClInclude>
    <ClInclude Include="include\mdSymbolsPanel.h">
      <Filter>Header Files</Filter>
    </ClInclude>
    <ClInclude Include="include\mdTextCtrl.h">
      <Filter>Header Files</Filter>
    </ClInclude>
    <ClInclude Include="include\mdTileViewerPanel.h">
      <Filter>Header Files</Filter>
    </ClInclude>
    <ClInclude Include="include\mdVdpAddrCalc.h">
      <Filter>Header Files</Filter>
    </ClInclude>
    <ClInclude Include="include\mdvdpRegInfo.h">
      <Filter>Header Files</Filter>
    </ClInclude>
    <ClInclude Include="include\mdVDPStatusPanel.h">
      <Filter>Header Files</Filter>
    </ClInclude>
    <ClInclude Include="include\mdVdpViewer.h">
      <Filter>Header Files</Filter>
    </ClInclude>
    <ClInclude Include="include\mdVideoAdapter.h">
      <Filter>Header Files</Filter>
    </ClInclude>
    <ClInclude Include="include\mdVideoPanel.h">
      <Filter>Header Files</Filter>
    </ClInclude>
    <ClInclude Include="include\mdVideoSurface.h">
      <Filter>Header Files</Filter>
    </ClInclude>
  </ItemGroup>
</Project>